
Microsoft Visual Studio Solution File, Format Version 12.00
# Visual Studio Version 17
VisualStudioVersion = 17.9.34622.214
MinimumVisualStudioVersion = 10.0.40219.1
Project("{FAE04EC0-301F-11D3-BF4B-00C04F79EFBC}") = "GuessNumber", "GuessNumber\GuessNumber.csproj", "{6DEA8CDA-10B1-48DA-9DF0-C33A460EC768}"
EndProject
Global
	GlobalSection(SolutionConfigurationPlatforms) = preSolution
		Debug|Any CPU = Debug|Any CPU
		Release|Any CPU = Release|Any CPU
	EndGlobalSection
	GlobalSection(ProjectConfigurationPlatforms) = postSolution
		{6DEA8CDA-10B1-48DA-9DF0-C33A460EC768}.Debug|Any CPU.ActiveCfg = Debug|Any CPU
		{6DEA8CDA-10B1-48DA-9DF0-C33A460EC768}.Debug|Any CPU.Build.0 = Debug|Any CPU
		{6DEA8CDA-10B1-48DA-9DF0-C33A460EC768}.Release|Any CPU.ActiveCfg = Release|Any CPU
		{6DEA8CDA-10B1-48DA-9DF0-C33A460EC768}.Release|Any CPU.Build.0 = Release|Any CPU
	EndGlobalSection
	GlobalSection(SolutionProperties) = preSolution
		HideSolutionNode = FALSE
	EndGlobalSection
	GlobalSection(ExtensibilityGlobals) = postSolution
		SolutionGuid = {6E1020C7-B1EF-4C0E-8554-B54EFF8DC600}
	EndGlobalSection
EndGlobal
